github.com/BurntSushi/toml v0.3.1/go.mod h1:xHWCNGjB5oqiDr8zfno3MHue2Ht5sIBksp03qcyfWMU=
github.com/cpuguy83/go-md2man/v2 v2.0.0-20190314233015-f79a8a8ca69d h1:U+s90UTSYgptZMwQh2aRr3LuazLJIa+Pg3Kc1ylSYVY=
github.com/cpuguy83/go-md2man/v2 v2.0.0-20190314233015-f79a8a8ca69d/go.mod h1:maD7wRr/U5Z6m/iR4s+kqSMx2CaBsrgA7czyZG/E6dU=
github.com/davecgh/go-spew v1.1.0/go.mod h1:J7Y8YcW2NihsgmVo/mv3lAwl/skON4iLHjSsI+c5H38=
github.com/hslam/buffer v0.0.0-20211027181515-93d623f7e213 h1:0jr8x0IYeDlcIbFTlq9MigsrlOCtqaI1xM+4UotacG4=
github.com/hslam/buffer v0.0.0-20211027181515-93d623f7e213/go.mod h1:Gvbj40hnzR54zoUOuDZqDi7aziar8UlkHXk6NVYLg2U=
github.com/hslam/mmap v1.0.0 h1:GSp55lZrPDhctob3yE0SqESBjzgCn9cP4iu4Pmmm+gE=
github.com/hslam/mmap v1.0.0/go.mod h1:mtuj54WoaupC65QteY9RubXVPkQT86Q/Xj0WPzRefFw=
github.com/hslam/scheduler v0.0.0-20211028175315-641598104976 h1:7xDxY7ffYQjS+eM6/7zSvvxrGowxHIwGWHM+drPp/XA=
github.com/hslam/scheduler v0.0.0-20211028175315-641598104976/go.mod h1:5Lu1StnE7hhW2QwdImTNFLdzIUhAUjO7SlLco+H5h9A=
github.com/hslam/sendfile v1.0.1 h1:0OLb5VRwjdN3q9hkslfk5nPQIrH5UmGTjSuJtV4Zq+8=
github.com/hslam/sendfile v1.0.1/go.mod h1:IVInXNh7ccvv6fdFkcC3gRGCH7E+fRsTlyBnftCAk5A=
github.com/hslam/splice v1.0.3 h1:CwSmzu6AAm8sb2wYgSGvTwixy3seqA6xJ9NXQ0ff3j4=
github.com/hslam/splice v1.0.3/go.mod h1:7D1QlFptoG0ruXzcAwpzckKxUN4+ZpvrIhwfbcAQcx8=
github.com/pmezard/go-difflib v1.0.0 h1:4DBwDE0NGyQoBHbLQYPwSUPoCMWR5BEzIk/f1lZbAQM=
github.com/pmezard/go-difflib v1.0.0/go.mod h1:iKH77koFhYxTK1pcRnkKkqfTogsbg7gZNVY4sRDYZ/4=
github.com/russross/blackfriday/v2 v2.0.1 h1:lPqVAte+HuHNfhJ/0LC98ESWRz8afy9tM/0RK8m9o+Q=
github.com/russross/blackfriday/v2 v2.0.1/go.mod h1:+Rmxgy9KzJVeS9/2gXHxylqXiyQDYRxCVz55jmeOWTM=
github.com/shurcooL/sanitized_anchor_name v1.0.0 h1:PdmoCO6wvbs+7yrJyMORt4/BmY5IYyJwS/kOiWx8mHo=
github.com/shurcooL/sanitized_anchor_name v1.0.0/go.mod h1:1NzhyTcUVG4SuEtjjoZeVRXNmyL/1OwPU0+IJeTBvfc=
github.com/stretchr/objx v0.1.0/go.mod h1:HFkY916IF+rwdDfMAkV7OtwuqBVzrE8GR6GFx+wExME=
github.com/stretchr/testify v1.7.0/go.mod h1:6Fq8oRcR53rry900zMqJjRRixrwX3KX962/h/Wwjteg=
github.com/sunvim/utils v0.0.0-20211230122928-b82873d084d0 h1:KyA1uxgyUlHKSGaQd62AK9grUbkXdvwxiUmDINzx+Zo=
github.com/sunvim/utils v0.0.0-20211230122928-b82873d084d0/go.mod h1:QKTRu6ISvn7o1KwmmAQQv0HVT/HS3s+s4TGFnuLIgyc=
github.com/urfave/cli/v2 v2.3.0 h1:qph92Y649prgesehzOrQjdWyxFOp/QVM+6imKHad91M=
github.com/urfave/cli/v2 v2.3.0/go.mod h1:LJmUH05zAU44vOAcrfzZQKsZbVcdbOG8rtL3/XcUArI=
gopkg.in/check.v1 v0.0.0-20161208181325-20d25e280405/go.mod h1:Co6ibVJAznAaIkqp8huTwlJQCZ016jof/cbN4VW5Yz0=
gopkg.in/eapache/queue.v1 v1.1.0 h1:EldqoJEGtXYiVCMRo2C9mePO2UUGnYn2+qLmlQSqPdc=
gopkg.in/eapache/queue.v1 v1.1.0/go.mod h1:wNtmx1/O7kZSR9zNT1TTOJ7GLpm3Vn7srzlfylFbQwU=
gopkg.in/yaml.v2 v2.2.3/go.mod h1:hI93XBmqTisBFMUTm0b8Fm+jr3Dg1NNxqwp+5A1VGuI=
gopkg.in/yaml.v3 v3.0.0-20200313102051-9f266ea9e77c/go.mod h1:K4uyk7z7BCEPqu6E+C64Yfv1cQ7kz7rIZviUmN+EgEM=
